
Microsoft Visual Studio Solution File, Format Version 12.00
# Visual Studio Version 17
VisualStudioVersion = 17.11.35327.3
MinimumVisualStudioVersion = 10.0.40219.1
Project("{FAE04EC0-301F-11D3-BF4B-00C04F79EFBC}") = "CarDealershipBOT", "CarDealershipBOT\CarDealershipBOT.csproj", "{8C6BE2A6-CB81-4CFA-8958-B4D08220D371}"
EndProject
Global
	GlobalSection(SolutionConfigurationPlatforms) = preSolution
		Debug|Any CPU = Debug|Any CPU
		Release|Any CPU = Release|Any CPU
	EndGlobalSection
	GlobalSection(ProjectConfigurationPlatforms) = postSolution
		{8C6BE2A6-CB81-4CFA-8958-B4D08220D371}.Debug|Any CPU.ActiveCfg = Debug|Any CPU
		{8C6BE2A6-CB81-4CFA-8958-B4D08220D371}.Debug|Any CPU.Build.0 = Debug|Any CPU
		{8C6BE2A6-CB81-4CFA-8958-B4D08220D371}.Release|Any CPU.ActiveCfg = Release|Any CPU
		{8C6BE2A6-CB81-4CFA-8958-B4D08220D371}.Release|Any CPU.Build.0 = Release|Any CPU
	EndGlobalSection
	GlobalSection(SolutionProperties) = preSolution
		HideSolutionNode = FALSE
	EndGlobalSection
	GlobalSection(ExtensibilityGlobals) = postSolution
		SolutionGuid = {B4342413-0233-4342-999E-4E916561E2E6}
	EndGlobalSection
EndGlobal
